
Microsoft Visual Studio Solution File, Format Version 12.00
# Visual Studio Version 16
VisualStudioVersion = 16.0.29318.209
MinimumVisualStudioVersion = 10.0.40219.1
Project("{FAE04EC0-301F-11D3-BF4B-00C04F79EFBC}") = "Exercises", "Exercises\Exercises.csproj", "{C9EEF5EC-2DD7-4FB4-A779-C98DCBECFB2F}"
EndProject
Project("{FAE04EC0-301F-11D3-BF4B-00C04F79EFBC}") = "Tests", "UnitTesting\Tests.csproj", "{03F2AB9C-38CA-44BE-BD84-CB99F3B5D3FB}"
EndProject
Global
	GlobalSection(SolutionConfigurationPlatforms) = preSolution
		Debug|Any CPU = Debug|Any CPU
		Release|Any CPU = Release|Any CPU
	EndGlobalSection
	GlobalSection(ProjectConfigurationPlatforms) = postSolution
		{C9EEF5EC-2DD7-4FB4-A779-C98DCBECFB2F}.Debug|Any CPU.ActiveCfg = Debug|Any CPU
		{C9EEF5EC-2DD7-4FB4-A779-C98DCBECFB2F}.Debug|Any CPU.Build.0 = Debug|Any CPU
		{C9EEF5EC-2DD7-4FB4-A779-C98DCBECFB2F}.Release|Any CPU.ActiveCfg = Release|Any CPU
		{C9EEF5EC-2DD7-4FB4-A779-C98DCBECFB2F}.Release|Any CPU.Build.0 = Release|Any CPU
		{03F2AB9C-38CA-44BE-BD84-CB99F3B5D3FB}.Debug|Any CPU.ActiveCfg = Debug|Any CPU
		{03F2AB9C-38CA-44BE-BD84-CB99F3B5D3FB}.Debug|Any CPU.Build.0 = Debug|Any CPU
		{03F2AB9C-38CA-44BE-BD84-CB99F3B5D3FB}.Release|Any CPU.ActiveCfg = Release|Any CPU
		{03F2AB9C-38CA-44BE-BD84-CB99F3B5D3FB}.Release|Any CPU.Build.0 = Release|Any CPU
	EndGlobalSection
	GlobalSection(SolutionProperties) = preSolution
		HideSolutionNode = FALSE
	EndGlobalSection
	GlobalSection(ExtensibilityGlobals) = postSolution
		SolutionGuid = {C8478DB8-1475-420C-8587-0B3ED6E0B275}
	EndGlobalSection
EndGlobal
